PODS:
  - Alamofire (5.10.2)
  - Shakuro.CommonTypes (1.9.5)
  - SwiftLint (0.57.1)

DEPENDENCIES:
  - Alamofire (= 5.10.2)
  - Shakuro.CommonTypes (= 1.9.5)
  - SwiftLint (= 0.57.1)

SPEC REPOS:
  https://github.com/CocoaPods/Specs.git:
    - Alamofire
    - Shakuro.CommonTypes
    - SwiftLint

SPEC CHECKSUMS:
  Alamofire: 7193b3b92c74a07f85569e1a6c4f4237291e7496
  Shakuro.CommonTypes: 68e5a32e3f2ec4c6c4513aa2a211427b5472b785
  SwiftLint: 92196976e597b9afec5dbe374810103e6c1d9d7c

PODFILE CHECKSUM: b5bdd6efa2f4203d759a6e1131a2b00b74649b7b

COCOAPODS: 1.16.2
